
Microsoft Visual Studio Solution File, Format Version 12.00
Project("{FAE04EC0-301F-11D3-BF4B-00C04F79EFBC}") = "ClassesWebApi", "ClassesWebApi\ClassesWebApi.csproj", "{2ED649F7-FC49-44B3-AD7F-7FD3739F77C3}"
EndProject
Global
	GlobalSection(SolutionConfigurationPlatforms) = preSolution
		Debug|Any CPU = Debug|Any CPU
		Release|Any CPU = Release|Any CPU
	EndGlobalSection
	GlobalSection(ProjectConfigurationPlatforms) = postSolution
		{2ED649F7-FC49-44B3-AD7F-7FD3739F77C3}.Debug|Any CPU.ActiveCfg = Debug|Any CPU
		{2ED649F7-FC49-44B3-AD7F-7FD3739F77C3}.Debug|Any CPU.Build.0 = Debug|Any CPU
		{2ED649F7-FC49-44B3-AD7F-7FD3739F77C3}.Release|Any CPU.ActiveCfg = Release|Any CPU
		{2ED649F7-FC49-44B3-AD7F-7FD3739F77C3}.Release|Any CPU.Build.0 = Release|Any CPU
	EndGlobalSection
EndGlobal
